
Microsoft Visual Studio Solution File, Format Version 12.00
# Visual Studio Version 16
VisualStudioVersion = 25.0.1703.0
MinimumVisualStudioVersion = 10.0.40219.1
Project("{FAE04EC0-301F-11D3-BF4B-00C04F79EFBC}") = "RepositoryPatternPractice", "RepositoryPatternPractice\RepositoryPatternPractice.csproj", "{7D27F95F-44B3-460B-8BBA-8D3470E77D7A}"
EndProject
Global
	GlobalSection(SolutionConfigurationPlatforms) = preSolution
		Debug|Any CPU = Debug|Any CPU
		Release|Any CPU = Release|Any CPU
	EndGlobalSection
	GlobalSection(ProjectConfigurationPlatforms) = postSolution
		{7D27F95F-44B3-460B-8BBA-8D3470E77D7A}.Debug|Any CPU.ActiveCfg = Debug|Any CPU
		{7D27F95F-44B3-460B-8BBA-8D3470E77D7A}.Debug|Any CPU.Build.0 = Debug|Any CPU
		{7D27F95F-44B3-460B-8BBA-8D3470E77D7A}.Release|Any CPU.ActiveCfg = Release|Any CPU
		{7D27F95F-44B3-460B-8BBA-8D3470E77D7A}.Release|Any CPU.Build.0 = Release|Any CPU
	EndGlobalSection
	GlobalSection(SolutionProperties) = preSolution
		HideSolutionNode = FALSE
	EndGlobalSection
	GlobalSection(ExtensibilityGlobals) = postSolution
		SolutionGuid = {A0BEBD61-3A9C-4BE0-8276-725851C86C85}
	EndGlobalSection
EndGlobal
